
Microsoft Visual Studio Solution File, Format Version 12.00
# Visual Studio Version 16
VisualStudioVersion = 16.0.30104.148
MinimumVisualStudioVersion = 10.0.40219.1
Project("{FAE04EC0-301F-11D3-BF4B-00C04F79EFBC}") = "WPF_Sounds", "Sounds_test\WPF_Sounds.csproj", "{D119BB82-F49A-4AFD-9B25-8EAE27BFB12B}"
EndProject
Global
	GlobalSection(SolutionConfigurationPlatforms) = preSolution
		Debug|Any CPU = Debug|Any CPU
		Release|Any CPU = Release|Any CPU
	EndGlobalSection
	GlobalSection(ProjectConfigurationPlatforms) = postSolution
		{D119BB82-F49A-4AFD-9B25-8EAE27BFB12B}.Debug|Any CPU.ActiveCfg = Debug|Any CPU
		{D119BB82-F49A-4AFD-9B25-8EAE27BFB12B}.Debug|Any CPU.Build.0 = Debug|Any CPU
		{D119BB82-F49A-4AFD-9B25-8EAE27BFB12B}.Release|Any CPU.ActiveCfg = Release|Any CPU
		{D119BB82-F49A-4AFD-9B25-8EAE27BFB12B}.Release|Any CPU.Build.0 = Release|Any CPU
	EndGlobalSection
	GlobalSection(SolutionProperties) = preSolution
		HideSolutionNode = FALSE
	EndGlobalSection
	GlobalSection(ExtensibilityGlobals) = postSolution
		SolutionGuid = {CB55C2CC-6CE9-4BEF-A670-7DD043D11932}
	EndGlobalSection
EndGlobal
