
Microsoft Visual Studio Solution File, Format Version 12.00
# Visual Studio Version 16
VisualStudioVersion = 16.0.30320.27
MinimumVisualStudioVersion = 10.0.40219.1
Project("{FAE04EC0-301F-11D3-BF4B-00C04F79EFBC}") = "WinForms_PictureSelection", "WinForms_PictureSelection\WinForms_PictureSelection.csproj", "{10EF860B-8574-4B5B-9D7C-00747A58B41E}"
EndProject
Global
	GlobalSection(SolutionConfigurationPlatforms) = preSolution
		Debug|Any CPU = Debug|Any CPU
		Release|Any CPU = Release|Any CPU
	EndGlobalSection
	GlobalSection(ProjectConfigurationPlatforms) = postSolution
		{10EF860B-8574-4B5B-9D7C-00747A58B41E}.Debug|Any CPU.ActiveCfg = Debug|Any CPU
		{10EF860B-8574-4B5B-9D7C-00747A58B41E}.Debug|Any CPU.Build.0 = Debug|Any CPU
		{10EF860B-8574-4B5B-9D7C-00747A58B41E}.Release|Any CPU.ActiveCfg = Release|Any CPU
		{10EF860B-8574-4B5B-9D7C-00747A58B41E}.Release|Any CPU.Build.0 = Release|Any CPU
	EndGlobalSection
	GlobalSection(SolutionProperties) = preSolution
		HideSolutionNode = FALSE
	EndGlobalSection
	GlobalSection(ExtensibilityGlobals) = postSolution
		SolutionGuid = {B62F0C31-B072-49EE-AF1E-003CF6C32DCD}
	EndGlobalSection
EndGlobal
