
Microsoft Visual Studio Solution File, Format Version 12.00
# Visual Studio Version 16
VisualStudioVersion = 16.0.30104.148
MinimumVisualStudioVersion = 10.0.40219.1
Project("{FAE04EC0-301F-11D3-BF4B-00C04F79EFBC}") = "WinForms_Dialogs", "WinForms_Dialogs\WinForms_Dialogs.csproj", "{BEE0EFD4-F220-447E-B408-F84ABBEED3D1}"
EndProject
Global
	GlobalSection(SolutionConfigurationPlatforms) = preSolution
		Debug|Any CPU = Debug|Any CPU
		Release|Any CPU = Release|Any CPU
	EndGlobalSection
	GlobalSection(ProjectConfigurationPlatforms) = postSolution
		{BEE0EFD4-F220-447E-B408-F84ABBEED3D1}.Debug|Any CPU.ActiveCfg = Debug|Any CPU
		{BEE0EFD4-F220-447E-B408-F84ABBEED3D1}.Debug|Any CPU.Build.0 = Debug|Any CPU
		{BEE0EFD4-F220-447E-B408-F84ABBEED3D1}.Release|Any CPU.ActiveCfg = Release|Any CPU
		{BEE0EFD4-F220-447E-B408-F84ABBEED3D1}.Release|Any CPU.Build.0 = Release|Any CPU
	EndGlobalSection
	GlobalSection(SolutionProperties) = preSolution
		HideSolutionNode = FALSE
	EndGlobalSection
	GlobalSection(ExtensibilityGlobals) = postSolution
		SolutionGuid = {3F18E9E7-F97A-4E33-9CE6-90AD6665289E}
	EndGlobalSection
EndGlobal
