
Microsoft Visual Studio Solution File, Format Version 12.00
# Visual Studio Version 16
VisualStudioVersion = 16.0.30104.148
MinimumVisualStudioVersion = 10.0.40219.1
Project("{FAE04EC0-301F-11D3-BF4B-00C04F79EFBC}") = "WinForms_MouseKeyboard", "WinForms_MouseKeyboard\WinForms_MouseKeyboard.csproj", "{A2AF3A78-8487-4DD8-B841-32FEF85C3ADA}"
EndProject
Global
	GlobalSection(SolutionConfigurationPlatforms) = preSolution
		Debug|Any CPU = Debug|Any CPU
		Release|Any CPU = Release|Any CPU
	EndGlobalSection
	GlobalSection(ProjectConfigurationPlatforms) = postSolution
		{A2AF3A78-8487-4DD8-B841-32FEF85C3ADA}.Debug|Any CPU.ActiveCfg = Debug|Any CPU
		{A2AF3A78-8487-4DD8-B841-32FEF85C3ADA}.Debug|Any CPU.Build.0 = Debug|Any CPU
		{A2AF3A78-8487-4DD8-B841-32FEF85C3ADA}.Release|Any CPU.ActiveCfg = Release|Any CPU
		{A2AF3A78-8487-4DD8-B841-32FEF85C3ADA}.Release|Any CPU.Build.0 = Release|Any CPU
	EndGlobalSection
	GlobalSection(SolutionProperties) = preSolution
		HideSolutionNode = FALSE
	EndGlobalSection
	GlobalSection(ExtensibilityGlobals) = postSolution
		SolutionGuid = {9671ABDF-0382-4B10-824D-4A00C42D28D1}
	EndGlobalSection
EndGlobal
