
Microsoft Visual Studio Solution File, Format Version 12.00
# Visual Studio Version 16
VisualStudioVersion = 16.0.30104.148
MinimumVisualStudioVersion = 10.0.40219.1
Project("{FAE04EC0-301F-11D3-BF4B-00C04F79EFBC}") = "WPF_ShapedWindow", "WPF_ShapedWindow\WPF_ShapedWindow.csproj", "{8C509B07-53A9-4E74-A5FE-9C383FAFA34D}"
EndProject
Global
	GlobalSection(SolutionConfigurationPlatforms) = preSolution
		Debug|Any CPU = Debug|Any CPU
		Release|Any CPU = Release|Any CPU
	EndGlobalSection
	GlobalSection(ProjectConfigurationPlatforms) = postSolution
		{8C509B07-53A9-4E74-A5FE-9C383FAFA34D}.Debug|Any CPU.ActiveCfg = Debug|Any CPU
		{8C509B07-53A9-4E74-A5FE-9C383FAFA34D}.Debug|Any CPU.Build.0 = Debug|Any CPU
		{8C509B07-53A9-4E74-A5FE-9C383FAFA34D}.Release|Any CPU.ActiveCfg = Release|Any CPU
		{8C509B07-53A9-4E74-A5FE-9C383FAFA34D}.Release|Any CPU.Build.0 = Release|Any CPU
	EndGlobalSection
	GlobalSection(SolutionProperties) = preSolution
		HideSolutionNode = FALSE
	EndGlobalSection
	GlobalSection(ExtensibilityGlobals) = postSolution
		SolutionGuid = {18D28C25-DA66-4ABB-8429-F332F6FFBDEF}
	EndGlobalSection
EndGlobal
