
Microsoft Visual Studio Solution File, Format Version 12.00
# Visual Studio Version 16
VisualStudioVersion = 16.0.30104.148
MinimumVisualStudioVersion = 10.0.40219.1
Project("{FAE04EC0-301F-11D3-BF4B-00C04F79EFBC}") = "WPF_TextBlock_Animation", "WPF_TextBlock_Animation\WPF_TextBlock_Animation.csproj", "{020E55CA-BB2F-45F5-BCF9-967142B5722F}"
EndProject
Global
	GlobalSection(SolutionConfigurationPlatforms) = preSolution
		Debug|Any CPU = Debug|Any CPU
		Release|Any CPU = Release|Any CPU
	EndGlobalSection
	GlobalSection(ProjectConfigurationPlatforms) = postSolution
		{020E55CA-BB2F-45F5-BCF9-967142B5722F}.Debug|Any CPU.ActiveCfg = Debug|Any CPU
		{020E55CA-BB2F-45F5-BCF9-967142B5722F}.Debug|Any CPU.Build.0 = Debug|Any CPU
		{020E55CA-BB2F-45F5-BCF9-967142B5722F}.Release|Any CPU.ActiveCfg = Release|Any CPU
		{020E55CA-BB2F-45F5-BCF9-967142B5722F}.Release|Any CPU.Build.0 = Release|Any CPU
	EndGlobalSection
	GlobalSection(SolutionProperties) = preSolution
		HideSolutionNode = FALSE
	EndGlobalSection
	GlobalSection(ExtensibilityGlobals) = postSolution
		SolutionGuid = {E37A77E6-DFAE-4FF9-A315-D0124EA3882E}
	EndGlobalSection
EndGlobal
