
Microsoft Visual Studio Solution File, Format Version 12.00
# Visual Studio Version 16
VisualStudioVersion = 16.0.30104.148
MinimumVisualStudioVersion = 10.0.40219.1
Project("{FAE04EC0-301F-11D3-BF4B-00C04F79EFBC}") = "WPF_Data_Binding3", "WPF_DataBinding3\WPF_Data_Binding3.csproj", "{B1700922-A22E-418E-A158-85BA4BB840DF}"
EndProject
Global
	GlobalSection(SolutionConfigurationPlatforms) = preSolution
		Debug|Any CPU = Debug|Any CPU
		Release|Any CPU = Release|Any CPU
	EndGlobalSection
	GlobalSection(ProjectConfigurationPlatforms) = postSolution
		{B1700922-A22E-418E-A158-85BA4BB840DF}.Debug|Any CPU.ActiveCfg = Debug|Any CPU
		{B1700922-A22E-418E-A158-85BA4BB840DF}.Debug|Any CPU.Build.0 = Debug|Any CPU
		{B1700922-A22E-418E-A158-85BA4BB840DF}.Release|Any CPU.ActiveCfg = Release|Any CPU
		{B1700922-A22E-418E-A158-85BA4BB840DF}.Release|Any CPU.Build.0 = Release|Any CPU
	EndGlobalSection
	GlobalSection(SolutionProperties) = preSolution
		HideSolutionNode = FALSE
	EndGlobalSection
	GlobalSection(ExtensibilityGlobals) = postSolution
		SolutionGuid = {D9FC7A78-F3A4-4003-90B3-0458902E46F4}
	EndGlobalSection
EndGlobal
