
Microsoft Visual Studio Solution File, Format Version 12.00
# Visual Studio Version 16
VisualStudioVersion = 16.0.30104.148
MinimumVisualStudioVersion = 10.0.40219.1
Project("{FAE04EC0-301F-11D3-BF4B-00C04F79EFBC}") = "WPF_OpacityMask", "WPF_OpacityMask\WPF_OpacityMask.csproj", "{5C241A13-0203-4E82-8C50-571C1B81166B}"
EndProject
Global
	GlobalSection(SolutionConfigurationPlatforms) = preSolution
		Debug|Any CPU = Debug|Any CPU
		Release|Any CPU = Release|Any CPU
	EndGlobalSection
	GlobalSection(ProjectConfigurationPlatforms) = postSolution
		{5C241A13-0203-4E82-8C50-571C1B81166B}.Debug|Any CPU.ActiveCfg = Debug|Any CPU
		{5C241A13-0203-4E82-8C50-571C1B81166B}.Debug|Any CPU.Build.0 = Debug|Any CPU
		{5C241A13-0203-4E82-8C50-571C1B81166B}.Release|Any CPU.ActiveCfg = Release|Any CPU
		{5C241A13-0203-4E82-8C50-571C1B81166B}.Release|Any CPU.Build.0 = Release|Any CPU
	EndGlobalSection
	GlobalSection(SolutionProperties) = preSolution
		HideSolutionNode = FALSE
	EndGlobalSection
	GlobalSection(ExtensibilityGlobals) = postSolution
		SolutionGuid = {CF770484-9C23-44FC-A892-89310EA18120}
	EndGlobalSection
EndGlobal
