
Microsoft Visual Studio Solution File, Format Version 12.00
# Visual Studio Version 16
VisualStudioVersion = 16.0.30104.148
MinimumVisualStudioVersion = 10.0.40219.1
Project("{FAE04EC0-301F-11D3-BF4B-00C04F79EFBC}") = "CS_Attributes", "CS_Attributes\CS_Attributes.csproj", "{6D7D7AB3-2E34-4EE0-BC70-7163AB54D99D}"
EndProject
Global
	GlobalSection(SolutionConfigurationPlatforms) = preSolution
		Debug|Any CPU = Debug|Any CPU
		Release|Any CPU = Release|Any CPU
	EndGlobalSection
	GlobalSection(ProjectConfigurationPlatforms) = postSolution
		{6D7D7AB3-2E34-4EE0-BC70-7163AB54D99D}.Debug|Any CPU.ActiveCfg = Debug|Any CPU
		{6D7D7AB3-2E34-4EE0-BC70-7163AB54D99D}.Debug|Any CPU.Build.0 = Debug|Any CPU
		{6D7D7AB3-2E34-4EE0-BC70-7163AB54D99D}.Release|Any CPU.ActiveCfg = Release|Any CPU
		{6D7D7AB3-2E34-4EE0-BC70-7163AB54D99D}.Release|Any CPU.Build.0 = Release|Any CPU
	EndGlobalSection
	GlobalSection(SolutionProperties) = preSolution
		HideSolutionNode = FALSE
	EndGlobalSection
	GlobalSection(ExtensibilityGlobals) = postSolution
		SolutionGuid = {C39C70B9-8E4C-449B-95C3-708834CAE5CE}
	EndGlobalSection
EndGlobal
