
Microsoft Visual Studio Solution File, Format Version 12.00
# Visual Studio Version 16
VisualStudioVersion = 16.0.29519.181
MinimumVisualStudioVersion = 10.0.40219.1
Project("{FAE04EC0-301F-11D3-BF4B-00C04F79EFBC}") = "CS_QuestionOp", "CS_QuestionOp\CS_QuestionOp.csproj", "{F83C0DA9-58C0-42EF-9B5A-C158D30F324B}"
EndProject
Global
	GlobalSection(SolutionConfigurationPlatforms) = preSolution
		Debug|Any CPU = Debug|Any CPU
		Release|Any CPU = Release|Any CPU
	EndGlobalSection
	GlobalSection(ProjectConfigurationPlatforms) = postSolution
		{F83C0DA9-58C0-42EF-9B5A-C158D30F324B}.Debug|Any CPU.ActiveCfg = Debug|Any CPU
		{F83C0DA9-58C0-42EF-9B5A-C158D30F324B}.Debug|Any CPU.Build.0 = Debug|Any CPU
		{F83C0DA9-58C0-42EF-9B5A-C158D30F324B}.Release|Any CPU.ActiveCfg = Release|Any CPU
		{F83C0DA9-58C0-42EF-9B5A-C158D30F324B}.Release|Any CPU.Build.0 = Release|Any CPU
	EndGlobalSection
	GlobalSection(SolutionProperties) = preSolution
		HideSolutionNode = FALSE
	EndGlobalSection
	GlobalSection(ExtensibilityGlobals) = postSolution
		SolutionGuid = {AE78065B-B4FA-4B56-88F8-1A8F172D53CE}
	EndGlobalSection
EndGlobal
