
Microsoft Visual Studio Solution File, Format Version 12.00
# Visual Studio Version 16
VisualStudioVersion = 16.0.30104.148
MinimumVisualStudioVersion = 10.0.40219.1
Project("{FAE04EC0-301F-11D3-BF4B-00C04F79EFBC}") = "WPF_Canvas", "WPF_Canvas\WPF_Canvas.csproj", "{61210A12-DAAE-41F6-AB07-3F3E79D2F878}"
EndProject
Global
	GlobalSection(SolutionConfigurationPlatforms) = preSolution
		Debug|Any CPU = Debug|Any CPU
		Release|Any CPU = Release|Any CPU
	EndGlobalSection
	GlobalSection(ProjectConfigurationPlatforms) = postSolution
		{61210A12-DAAE-41F6-AB07-3F3E79D2F878}.Debug|Any CPU.ActiveCfg = Debug|Any CPU
		{61210A12-DAAE-41F6-AB07-3F3E79D2F878}.Debug|Any CPU.Build.0 = Debug|Any CPU
		{61210A12-DAAE-41F6-AB07-3F3E79D2F878}.Release|Any CPU.ActiveCfg = Release|Any CPU
		{61210A12-DAAE-41F6-AB07-3F3E79D2F878}.Release|Any CPU.Build.0 = Release|Any CPU
	EndGlobalSection
	GlobalSection(SolutionProperties) = preSolution
		HideSolutionNode = FALSE
	EndGlobalSection
	GlobalSection(ExtensibilityGlobals) = postSolution
		SolutionGuid = {42DCD5D3-2F3C-4FB0-AA89-44F47C089B77}
	EndGlobalSection
EndGlobal
