
Microsoft Visual Studio Solution File, Format Version 12.00
# Visual Studio Version 16
VisualStudioVersion = 16.0.30104.148
MinimumVisualStudioVersion = 10.0.40219.1
Project("{FAE04EC0-301F-11D3-BF4B-00C04F79EFBC}") = "WPF_Tunelling", "WPF_Tunelling\WPF_Tunelling.csproj", "{F578E17D-00C6-4706-888E-663BB42F3D36}"
EndProject
Global
	GlobalSection(SolutionConfigurationPlatforms) = preSolution
		Debug|Any CPU = Debug|Any CPU
		Release|Any CPU = Release|Any CPU
	EndGlobalSection
	GlobalSection(ProjectConfigurationPlatforms) = postSolution
		{F578E17D-00C6-4706-888E-663BB42F3D36}.Debug|Any CPU.ActiveCfg = Debug|Any CPU
		{F578E17D-00C6-4706-888E-663BB42F3D36}.Debug|Any CPU.Build.0 = Debug|Any CPU
		{F578E17D-00C6-4706-888E-663BB42F3D36}.Release|Any CPU.ActiveCfg = Release|Any CPU
		{F578E17D-00C6-4706-888E-663BB42F3D36}.Release|Any CPU.Build.0 = Release|Any CPU
	EndGlobalSection
	GlobalSection(SolutionProperties) = preSolution
		HideSolutionNode = FALSE
	EndGlobalSection
	GlobalSection(ExtensibilityGlobals) = postSolution
		SolutionGuid = {8380C1D6-F718-471B-9AC8-84CEF546220E}
	EndGlobalSection
EndGlobal
