
Microsoft Visual Studio Solution File, Format Version 12.00
# Visual Studio Version 16
VisualStudioVersion = 16.0.30104.148
MinimumVisualStudioVersion = 10.0.40219.1
Project("{FAE04EC0-301F-11D3-BF4B-00C04F79EFBC}") = "CS_Tuples", "CS_Tuples\CS_Tuples.csproj", "{1FC2C5C6-F502-4C99-BBF1-1C903A69F432}"
EndProject
Global
	GlobalSection(SolutionConfigurationPlatforms) = preSolution
		Debug|Any CPU = Debug|Any CPU
		Release|Any CPU = Release|Any CPU
	EndGlobalSection
	GlobalSection(ProjectConfigurationPlatforms) = postSolution
		{1FC2C5C6-F502-4C99-BBF1-1C903A69F432}.Debug|Any CPU.ActiveCfg = Debug|Any CPU
		{1FC2C5C6-F502-4C99-BBF1-1C903A69F432}.Debug|Any CPU.Build.0 = Debug|Any CPU
		{1FC2C5C6-F502-4C99-BBF1-1C903A69F432}.Release|Any CPU.ActiveCfg = Release|Any CPU
		{1FC2C5C6-F502-4C99-BBF1-1C903A69F432}.Release|Any CPU.Build.0 = Release|Any CPU
	EndGlobalSection
	GlobalSection(SolutionProperties) = preSolution
		HideSolutionNode = FALSE
	EndGlobalSection
	GlobalSection(ExtensibilityGlobals) = postSolution
		SolutionGuid = {022EB548-F81E-4E7A-AFD3-FB55B6FF361D}
	EndGlobalSection
EndGlobal
