
Microsoft Visual Studio Solution File, Format Version 12.00
# Visual Studio Version 16
VisualStudioVersion = 16.0.29519.181
MinimumVisualStudioVersion = 10.0.40219.1
Project("{FAE04EC0-301F-11D3-BF4B-00C04F79EFBC}") = "CS_Disposable", "CS_Disposable\CS_Disposable.csproj", "{DCE16E39-CA04-4A98-B7D9-004283511771}"
EndProject
Global
	GlobalSection(SolutionConfigurationPlatforms) = preSolution
		Debug|Any CPU = Debug|Any CPU
		Release|Any CPU = Release|Any CPU
	EndGlobalSection
	GlobalSection(ProjectConfigurationPlatforms) = postSolution
		{DCE16E39-CA04-4A98-B7D9-004283511771}.Debug|Any CPU.ActiveCfg = Debug|Any CPU
		{DCE16E39-CA04-4A98-B7D9-004283511771}.Debug|Any CPU.Build.0 = Debug|Any CPU
		{DCE16E39-CA04-4A98-B7D9-004283511771}.Release|Any CPU.ActiveCfg = Release|Any CPU
		{DCE16E39-CA04-4A98-B7D9-004283511771}.Release|Any CPU.Build.0 = Release|Any CPU
	EndGlobalSection
	GlobalSection(SolutionProperties) = preSolution
		HideSolutionNode = FALSE
	EndGlobalSection
	GlobalSection(ExtensibilityGlobals) = postSolution
		SolutionGuid = {C8DA1979-99F9-4108-9F6A-4975ECF2A144}
	EndGlobalSection
EndGlobal
