
Microsoft Visual Studio Solution File, Format Version 12.00
# Visual Studio Version 16
VisualStudioVersion = 16.0.30104.148
MinimumVisualStudioVersion = 10.0.40219.1
Project("{FAE04EC0-301F-11D3-BF4B-00C04F79EFBC}") = "WPF_Listbox_Templates", "WPF_Listbox_Templates\WPF_Listbox_Templates.csproj", "{EDCFF54A-3E5C-4B5D-8666-CBF545B2ABEB}"
EndProject
Global
	GlobalSection(SolutionConfigurationPlatforms) = preSolution
		Debug|Any CPU = Debug|Any CPU
		Release|Any CPU = Release|Any CPU
	EndGlobalSection
	GlobalSection(ProjectConfigurationPlatforms) = postSolution
		{EDCFF54A-3E5C-4B5D-8666-CBF545B2ABEB}.Debug|Any CPU.ActiveCfg = Debug|Any CPU
		{EDCFF54A-3E5C-4B5D-8666-CBF545B2ABEB}.Debug|Any CPU.Build.0 = Debug|Any CPU
		{EDCFF54A-3E5C-4B5D-8666-CBF545B2ABEB}.Release|Any CPU.ActiveCfg = Release|Any CPU
		{EDCFF54A-3E5C-4B5D-8666-CBF545B2ABEB}.Release|Any CPU.Build.0 = Release|Any CPU
	EndGlobalSection
	GlobalSection(SolutionProperties) = preSolution
		HideSolutionNode = FALSE
	EndGlobalSection
	GlobalSection(ExtensibilityGlobals) = postSolution
		SolutionGuid = {6E5A8538-4F54-4826-9789-D3A581AD2CDD}
	EndGlobalSection
EndGlobal
