
Microsoft Visual Studio Solution File, Format Version 12.00
# Visual Studio Version 17
VisualStudioVersion = 17.2.32519.379
MinimumVisualStudioVersion = 10.0.40219.1
Project("{8BC9CEB8-8B4A-11D0-8D11-00A0C91BC942}") = "CPP_Polymorphism", "CPP_Polymorphism\CPP_Polymorphism.vcxproj", "{0D82C49F-EC70-4044-8217-EA4A9EADE19F}"
EndProject
Global
	GlobalSection(SolutionConfigurationPlatforms) = preSolution
		Debug|x64 = Debug|x64
		Debug|x86 = Debug|x86
		Release|x64 = Release|x64
		Release|x86 = Release|x86
	EndGlobalSection
	GlobalSection(ProjectConfigurationPlatforms) = postSolution
		{0D82C49F-EC70-4044-8217-EA4A9EADE19F}.Debug|x64.ActiveCfg = Debug|x64
		{0D82C49F-EC70-4044-8217-EA4A9EADE19F}.Debug|x64.Build.0 = Debug|x64
		{0D82C49F-EC70-4044-8217-EA4A9EADE19F}.Debug|x86.ActiveCfg = Debug|Win32
		{0D82C49F-EC70-4044-8217-EA4A9EADE19F}.Debug|x86.Build.0 = Debug|Win32
		{0D82C49F-EC70-4044-8217-EA4A9EADE19F}.Release|x64.ActiveCfg = Release|x64
		{0D82C49F-EC70-4044-8217-EA4A9EADE19F}.Release|x64.Build.0 = Release|x64
		{0D82C49F-EC70-4044-8217-EA4A9EADE19F}.Release|x86.ActiveCfg = Release|Win32
		{0D82C49F-EC70-4044-8217-EA4A9EADE19F}.Release|x86.Build.0 = Release|Win32
	EndGlobalSection
	GlobalSection(SolutionProperties) = preSolution
		HideSolutionNode = FALSE
	EndGlobalSection
	GlobalSection(ExtensibilityGlobals) = postSolution
		SolutionGuid = {4F6C4FCD-3845-45E7-AC58-305EF511E527}
	EndGlobalSection
EndGlobal
