
Microsoft Visual Studio Solution File, Format Version 12.00
# Visual Studio Version 16
VisualStudioVersion = 16.0.30104.148
MinimumVisualStudioVersion = 10.0.40219.1
Project("{FAE04EC0-301F-11D3-BF4B-00C04F79EFBC}") = "WPF_Advanced_Templates", "WPF_Advanced_Templates\WPF_Advanced_Templates.csproj", "{8ECC0C33-17E4-4FD8-9C55-1CA5284313E3}"
EndProject
Global
	GlobalSection(SolutionConfigurationPlatforms) = preSolution
		Debug|Any CPU = Debug|Any CPU
		Release|Any CPU = Release|Any CPU
	EndGlobalSection
	GlobalSection(ProjectConfigurationPlatforms) = postSolution
		{8ECC0C33-17E4-4FD8-9C55-1CA5284313E3}.Debug|Any CPU.ActiveCfg = Debug|Any CPU
		{8ECC0C33-17E4-4FD8-9C55-1CA5284313E3}.Debug|Any CPU.Build.0 = Debug|Any CPU
		{8ECC0C33-17E4-4FD8-9C55-1CA5284313E3}.Release|Any CPU.ActiveCfg = Release|Any CPU
		{8ECC0C33-17E4-4FD8-9C55-1CA5284313E3}.Release|Any CPU.Build.0 = Release|Any CPU
	EndGlobalSection
	GlobalSection(SolutionProperties) = preSolution
		HideSolutionNode = FALSE
	EndGlobalSection
	GlobalSection(ExtensibilityGlobals) = postSolution
		SolutionGuid = {65457EDC-91FB-4604-8856-34E776F2AF65}
	EndGlobalSection
EndGlobal
