
Microsoft Visual Studio Solution File, Format Version 12.00
# Visual Studio Version 16
VisualStudioVersion = 16.0.30104.148
MinimumVisualStudioVersion = 10.0.40219.1
Project("{FAE04EC0-301F-11D3-BF4B-00C04F79EFBC}") = "CS_ExtensionMethods", "CS_ExtensionMethods\CS_ExtensionMethods.csproj", "{653EC3C6-C4FF-4777-AC74-2FB55B719B10}"
EndProject
Global
	GlobalSection(SolutionConfigurationPlatforms) = preSolution
		Debug|Any CPU = Debug|Any CPU
		Release|Any CPU = Release|Any CPU
	EndGlobalSection
	GlobalSection(ProjectConfigurationPlatforms) = postSolution
		{653EC3C6-C4FF-4777-AC74-2FB55B719B10}.Debug|Any CPU.ActiveCfg = Debug|Any CPU
		{653EC3C6-C4FF-4777-AC74-2FB55B719B10}.Debug|Any CPU.Build.0 = Debug|Any CPU
		{653EC3C6-C4FF-4777-AC74-2FB55B719B10}.Release|Any CPU.ActiveCfg = Release|Any CPU
		{653EC3C6-C4FF-4777-AC74-2FB55B719B10}.Release|Any CPU.Build.0 = Release|Any CPU
	EndGlobalSection
	GlobalSection(SolutionProperties) = preSolution
		HideSolutionNode = FALSE
	EndGlobalSection
	GlobalSection(ExtensibilityGlobals) = postSolution
		SolutionGuid = {8C270EF9-B52B-4B19-A32C-3D1148DA493A}
	EndGlobalSection
EndGlobal
