
Microsoft Visual Studio Solution File, Format Version 12.00
# Visual Studio Version 16
VisualStudioVersion = 16.0.30104.148
MinimumVisualStudioVersion = 10.0.40219.1
Project("{FAE04EC0-301F-11D3-BF4B-00C04F79EFBC}") = "CS_LINQToObjects", "CS_LINQToObjects\CS_LINQToObjects.csproj", "{36600446-8AE4-4417-95AF-FEF971AF37FA}"
EndProject
Global
	GlobalSection(SolutionConfigurationPlatforms) = preSolution
		Debug|Any CPU = Debug|Any CPU
		Release|Any CPU = Release|Any CPU
	EndGlobalSection
	GlobalSection(ProjectConfigurationPlatforms) = postSolution
		{36600446-8AE4-4417-95AF-FEF971AF37FA}.Debug|Any CPU.ActiveCfg = Debug|Any CPU
		{36600446-8AE4-4417-95AF-FEF971AF37FA}.Debug|Any CPU.Build.0 = Debug|Any CPU
		{36600446-8AE4-4417-95AF-FEF971AF37FA}.Release|Any CPU.ActiveCfg = Release|Any CPU
		{36600446-8AE4-4417-95AF-FEF971AF37FA}.Release|Any CPU.Build.0 = Release|Any CPU
	EndGlobalSection
	GlobalSection(SolutionProperties) = preSolution
		HideSolutionNode = FALSE
	EndGlobalSection
	GlobalSection(ExtensibilityGlobals) = postSolution
		SolutionGuid = {F30ED3FC-EAB3-4DE4-993A-057EF8A32DC1}
	EndGlobalSection
EndGlobal
